
Microsoft Visual Studio Solution File, Format Version 12.00
# Visual Studio Version 16
VisualStudioVersion = 16.0.31410.357
MinimumVisualStudioVersion = 10.0.40219.1
Project("{8BC9CEB8-8B4A-11D0-8D11-00A0C91BC942}") = "ex1", "ex1\ex1.vcxproj", "{100F3AC1-74FB-44AE-A3E0-DDA1C98624B3}"
EndProject
Global
	GlobalSection(SolutionConfigurationPlatforms) = preSolution
		Debug|x64 = Debug|x64
		Debug|x86 = Debug|x86
		Release|x64 = Release|x64
		Release|x86 = Release|x86
	EndGlobalSection
	GlobalSection(ProjectConfigurationPlatforms) = postSolution
		{100F3AC1-74FB-44AE-A3E0-DDA1C98624B3}.Debug|x64.ActiveCfg = Debug|x64
		{100F3AC1-74FB-44AE-A3E0-DDA1C98624B3}.Debug|x64.Build.0 = Debug|x64
		{100F3AC1-74FB-44AE-A3E0-DDA1C98624B3}.Debug|x86.ActiveCfg = Debug|Win32
		{100F3AC1-74FB-44AE-A3E0-DDA1C98624B3}.Debug|x86.Build.0 = Debug|Win32
		{100F3AC1-74FB-44AE-A3E0-DDA1C98624B3}.Release|x64.ActiveCfg = Release|x64
		{100F3AC1-74FB-44AE-A3E0-DDA1C98624B3}.Release|x64.Build.0 = Release|x64
		{100F3AC1-74FB-44AE-A3E0-DDA1C98624B3}.Release|x86.ActiveCfg = Release|Win32
		{100F3AC1-74FB-44AE-A3E0-DDA1C98624B3}.Release|x86.Build.0 = Release|Win32
	EndGlobalSection
	GlobalSection(SolutionProperties) = preSolution
		HideSolutionNode = FALSE
	EndGlobalSection
	GlobalSection(ExtensibilityGlobals) = postSolution
		SolutionGuid = {216305A1-3D3A-47A0-AF95-2D4E8D001551}
	EndGlobalSection
EndGlobal
